
Microsoft Visual Studio Solution File, Format Version 12.00
# Visual Studio 15
VisualStudioVersion = 15.0.26124.0
MinimumVisualStudioVersion = 15.0.26124.0
Project("{2150E333-8FDC-42A3-9474-1A3956D46DE8}") = "src", "src", "{C3687333-7E93-4F90-8818-AE6AA0CE78C0}"
EndProject
Project("{FAE04EC0-301F-11D3-BF4B-00C04F79EFBC}") = "pomodayo-server", "src\pomodayo-server\pomodayo-server.csproj", "{451DE13D-2EE1-4C7A-AE80-CE479A4C1257}"
EndProject
Global
	GlobalSection(SolutionConfigurationPlatforms) = preSolution
		Debug|Any CPU = Debug|Any CPU
		Debug|x64 = Debug|x64
		Debug|x86 = Debug|x86
		Release|Any CPU = Release|Any CPU
		Release|x64 = Release|x64
		Release|x86 = Release|x86
	EndGlobalSection
	GlobalSection(SolutionProperties) = preSolution
		HideSolutionNode = FALSE
	EndGlobalSection
	GlobalSection(ProjectConfigurationPlatforms) = postSolution
		{451DE13D-2EE1-4C7A-AE80-CE479A4C1257}.Debug|Any CPU.ActiveCfg = Debug|Any CPU
		{451DE13D-2EE1-4C7A-AE80-CE479A4C1257}.Debug|Any CPU.Build.0 = Debug|Any CPU
		{451DE13D-2EE1-4C7A-AE80-CE479A4C1257}.Debug|x64.ActiveCfg = Debug|Any CPU
		{451DE13D-2EE1-4C7A-AE80-CE479A4C1257}.Debug|x64.Build.0 = Debug|Any CPU
		{451DE13D-2EE1-4C7A-AE80-CE479A4C1257}.Debug|x86.ActiveCfg = Debug|Any CPU
		{451DE13D-2EE1-4C7A-AE80-CE479A4C1257}.Debug|x86.Build.0 = Debug|Any CPU
		{451DE13D-2EE1-4C7A-AE80-CE479A4C1257}.Release|Any CPU.ActiveCfg = Release|Any CPU
		{451DE13D-2EE1-4C7A-AE80-CE479A4C1257}.Release|Any CPU.Build.0 = Release|Any CPU
		{451DE13D-2EE1-4C7A-AE80-CE479A4C1257}.Release|x64.ActiveCfg = Release|Any CPU
		{451DE13D-2EE1-4C7A-AE80-CE479A4C1257}.Release|x64.Build.0 = Release|Any CPU
		{451DE13D-2EE1-4C7A-AE80-CE479A4C1257}.Release|x86.ActiveCfg = Release|Any CPU
		{451DE13D-2EE1-4C7A-AE80-CE479A4C1257}.Release|x86.Build.0 = Release|Any CPU
	EndGlobalSection
	GlobalSection(NestedProjects) = preSolution
		{451DE13D-2EE1-4C7A-AE80-CE479A4C1257} = {C3687333-7E93-4F90-8818-AE6AA0CE78C0}
	EndGlobalSection
EndGlobal
